
Microsoft Visual Studio Solution File, Format Version 12.00
# Visual Studio Version 17
VisualStudioVersion = 17.9.34728.123
MinimumVisualStudioVersion = 10.0.40219.1
Project("{FAE04EC0-301F-11D3-BF4B-00C04F79EFBC}") = "MovieRanking", "MovieRanking\MovieRanking.csproj", "{35277342-AD89-4545-A6BD-85B216152CC4}"
EndProject
Global
	GlobalSection(SolutionConfigurationPlatforms) = preSolution
		Debug|Any CPU = Debug|Any CPU
		Release|Any CPU = Release|Any CPU
	EndGlobalSection
	GlobalSection(ProjectConfigurationPlatforms) = postSolution
		{35277342-AD89-4545-A6BD-85B216152CC4}.Debug|Any CPU.ActiveCfg = Debug|Any CPU
		{35277342-AD89-4545-A6BD-85B216152CC4}.Debug|Any CPU.Build.0 = Debug|Any CPU
		{35277342-AD89-4545-A6BD-85B216152CC4}.Release|Any CPU.ActiveCfg = Release|Any CPU
		{35277342-AD89-4545-A6BD-85B216152CC4}.Release|Any CPU.Build.0 = Release|Any CPU
	EndGlobalSection
	GlobalSection(SolutionProperties) = preSolution
		HideSolutionNode = FALSE
	EndGlobalSection
	GlobalSection(ExtensibilityGlobals) = postSolution
		SolutionGuid = {9B97C1CA-D53D-4D24-9B45-BE8C5E24815D}
	EndGlobalSection
EndGlobal
